// !$*UTF8*$!
{
	archiveVersion = 1;
	classes = {
	};
	objectVersion = 46;
	objects = {

/* Begin PBXBuildFile section */
		6F6F4FA81DDC343C00E39879 /* main.m in Sources */ = {isa = PBXBuildFile; fileRef = 6F6F4FA71DDC343C00E39879 /* main.m */; };
		6F6F4FB01DDC34AE00E39879 /* NSString+Palindrom.m in Sources */ = {isa = PBXBuildFile; fileRef = 6F6F4FAF1DDC34AE00E39879 /* NSString+Palindrom.m */; };
/* End PBXBuildFile section */

/* Begin PBXCopyFilesBuildPhase section */
		6F6F4FA21DDC343C00E39879 /* CopyFiles */ = {
			isa = PBXCopyFilesBuildPhase;
			buildActionMask = 2147483647;
			dstPath = /usr/share/man/man1/;
			dstSubfolderSpec = 0;
			files = (
			);
			runOnlyForDeploymentPostprocessing = 1;
		};
/* End PBXCopyFilesBuildPhase section */

/* Begin PBXFileReference section */
		6F6F4FA41DDC343C00E39879 /* PWStringCategory */ = {isa = PBXFileReference; explicitFileType = "compiled.mach-o.executable"; includeInIndex = 0; path = PWStringCategory; sourceTree = BUILT_PRODUCTS_DIR; };
		6F6F4FA71DDC343C00E39879 /* main.m */ = {isa = PBXFileReference; lastKnownFileType = sourcecode.c.objc; path = main.m; sourceTree = "<group>"; };
		6F6F4FAE1DDC34AE00E39879 /* NSString+Palindrom.h */ = {isa = PBXFileReference; fileEncoding = 4; lastKnownFileType = sourcecode.c.h; path = "NSString+Palindrom.h"; sourceTree = "<group>"; };
		6F6F4FAF1DDC34AE00E39879 /* NSString+Palindrom.m */ = {isa = PBXFileReference; fileEncoding = 4; lastKnownFileType = sourcecode.c.objc; path = "NSString+Palindrom.m"; sourceTree = "<group>"; };
/* End PBXFileReference section */

/* Begin PBXFrameworksBuildPhase section */
		6F6F4FA11DDC343C00E39879 /* Frameworks */ = {
			isa = PBXFrameworksBuildPhase;
			buildActionMask = 2147483647;
			files = (
			);
			runOnlyForDeploymentPostprocessing = 0;
		};
/* End PBXFrameworksBuildPhase section */

/* Begin PBXGroup section */
		6F6F4F9B1DDC343C00E39879 = {
			isa = PBXGroup;
			children = (
				6F6F4FA61DDC343C00E39879 /* PWStringCategory */,
				6F6F4FA51DDC343C00E39879 /* Products */,
			);
			sourceTree = "<group>";
		};
		6F6F4FA51DDC343C00E39879 /* Products */ = {
			isa = PBXGroup;
			children = (
				6F6F4FA41DDC343C00E39879 /* PWStringCategory */,
			);
			name = Products;
			sourceTree = "<group>";
		};
		6F6F4FA61DDC343C00E39879 /* PWStringCategory */ = {
			isa = PBXGroup;
			children = (
				6F6F4FA71DDC343C00E39879 /* main.m */,
				6F6F4FAE1DDC34AE00E39879 /* NSString+Palindrom.h */,
				6F6F4FAF1DDC34AE00E39879 /* NSString+Palindrom.m */,
			);
			path = PWStringCategory;
			sourceTree = "<group>";
		};
/* End PBXGroup section */

/* Begin PBXNativeTarget section */
		6F6F4FA31DDC343C00E39879 /* PWStringCategory */ = {
			isa = PBXNativeTarget;
			buildConfigurationList = 6F6F4FAB1DDC343C00E39879 /* Build configuration list for PBXNativeTarget "PWStringCategory" */;
			buildPhases = (
				6F6F4FA01DDC343C00E39879 /* Sources */,
				6F6F4FA11DDC343C00E39879 /* Frameworks */,
				6F6F4FA21DDC343C00E39879 /* CopyFiles */,
			);
			buildRules = (
			);
			dependencies = (
			);
			name = PWStringCategory;
			productName = PWStringCategory;
			productReference = 6F6F4FA41DDC343C00E39879 /* PWStringCategory */;
			productType = "com.apple.product-type.tool";
		};
/* End PBXNativeTarget section */

/* Begin PBXProject section */
		6F6F4F9C1DDC343C00E39879 /* Project object */ = {
			isa = PBXProject;
			attributes = {
				LastUpgradeCheck = 0730;
				ORGANIZATIONNAME = "Pallavi Wani";
				TargetAttributes = {
					6F6F4FA31DDC343C00E39879 = {
						CreatedOnToolsVersion = 7.3.1;
					};
				};
			};
			buildConfigurationList = 6F6F4F9F1DDC343C00E39879 /* Build configuration list for PBXProject "PWStringCategory" */;
			compatibilityVersion = "Xcode 3.2";
			developmentRegion = English;
			hasScannedForEncodings = 0;
			knownRegions = (
				en,
			);
			mainGroup = 6F6F4F9B1DDC343C00E39879;
			productRefGroup = 6F6F4FA51DDC343C00E39879 /* Products */;
			projectDirPath = "";
			projectRoot = "";
			targets = (
				6F6F4FA31DDC343C00E39879 /* PWStringCategory */,
			);
		};
/* End PBXProject section */

/* Begin PBXSourcesBuildPhase section */
		6F6F4FA01DDC343C00E39879 /* Sources */ = {
			isa = PBXSourcesBuildPhase;
			buildActionMask = 2147483647;
			files = (
				6F6F4FB01DDC34AE00E39879 /* NSString+Palindrom.m in Sources */,
				6F6F4FA81DDC343C00E39879 /* main.m in Sources */,
			);
			runOnlyForDeploymentPostprocessing = 0;
		};
/* End PBXSourcesBuildPhase section */

/* Begin XCBuildConfiguration section */
		6F6F4FA91DDC343C00E39879 /* Debug */ = {
			isa = XCBuildConfiguration;
			buildSettings = {
				ALWAYS_SEARCH_USER_PATHS = NO;
				CLANG_ANALYZER_NONNULL = YES;
				CLANG_CXX_LANGUAGE_STANDARD = "gnu++0x";
				CLANG_CXX_LIBRARY = "libc++";
				CLANG_ENABLE_MODULES = YES;
				CLANG_ENABLE_OBJC_ARC = YES;
				CLANG_WARN_BOOL_CONVERSION = YES;
				CLANG_WARN_CONSTANT_CONVERSION = YES;
				CLANG_WARN_DIRECT_OBJC_ISA_USAGE = YES_ERROR;
				CLANG_WARN_EMPTY_BODY = YES;
				CLANG_WARN_ENUM_CONVERSION = YES;
				CLANG_WARN_INT_CONVERSION = YES;
				CLANG_WARN_OBJC_ROOT_CLASS = YES_ERROR;
				CLANG_WARN_UNREACHABLE_CODE = YES;
				CLANG_WARN__DUPLICATE_METHOD_MATCH = YES;
				CODE_SIGN_IDENTITY = "-";
				COPY_PHASE_STRIP = NO;
				DEBUG_INFORMATION_FORMAT = dwarf;
				ENABLE_STRICT_OBJC_MSGSEND = YES;
				ENABLE_TESTABILITY = YES;
				GCC_C_LANGUAGE_STANDARD = gnu99;
				GCC_DYNAMIC_NO_PIC = NO;
				GCC_NO_COMMON_BLOCKS = YES;
				GCC_OPTIMIZATION_LEVEL = 0;
				GCC_PREPROCESSOR_DEFINITIONS = (
					"DEBUG=1",
					"$(inherited)",
				);
				GCC_WARN_64_TO_32_BIT_CONVERSION = YES;
				GCC_WARN_ABOUT_RETURN_TYPE = YES_ERROR;
				GCC_WARN_UNDECLARED_SELECTOR = YES;
				GCC_WARN_UNINITIALIZED_AUTOS = YES_AGGRESSIVE;
				GCC_WARN_UNUSED_FUNCTION = YES;
				GCC_WARN_UNUSED_VARIABLE = YES;
				MACOSX_DEPLOYMENT_TARGET = 10.11;
				MTL_ENABLE_DEBUG_INFO = YES;
				ONLY_ACTIVE_ARCH = YES;
				SDKROOT = macosx;
			};
			name = Debug;
		};
		6F6F4FAA1DDC343C00E39879 /* Release */ = {
			isa = XCBuildConfiguration;
			buildSettings = {
				ALWAYS_SEARCH_USER_PATHS = NO;
				CLANG_ANALYZER_NONNULL = YES;
				CLANG_CXX_LANGUAGE_STANDARD = "gnu++0x";
				CLANG_CXX_LIBRARY = "libc++";
				CLANG_ENABLE_MODULES = YES;
				CLANG_ENABLE_OBJC_ARC = YES;
				CLANG_WARN_BOOL_CONVERSION = YES;
				CLANG_WARN_CONSTANT_CONVERSION = YES;
				CLANG_WARN_DIRECT_OBJC_ISA_USAGE = YES_ERROR;
				CLANG_WARN_EMPTY_BODY = YES;
				CLANG_WARN_ENUM_CONVERSION = YES;
				CLANG_WARN_INT_CONVERSION = YES;
				CLANG_WARN_OBJC_ROOT_CLASS = YES_ERROR;
				CLANG_WARN_UNREACHABLE_CODE = YES;
				CLANG_WARN__DUPLICATE_METHOD_MATCH = YES;
				CODE_SIGN_IDENTITY = "-";
				COPY_PHASE_STRIP = NO;
				DEBUG_INFORMATION_FORMAT = "dwarf-with-dsym";
				ENABLE_NS_ASSERTIONS = NO;
				ENABLE_STRICT_OBJC_MSGSEND = YES;
				GCC_C_LANGUAGE_STANDARD = gnu99;
				GCC_NO_COMMON_BLOCKS = YES;
				GCC_WARN_64_TO_32_BIT_CONVERSION = YES;
				GCC_WARN_ABOUT_RETURN_TYPE = YES_ERROR;
				GCC_WARN_UNDECLARED_SELECTOR = YES;
				GCC_WARN_UNINITIALIZED_AUTOS = YES_AGGRESSIVE;
				GCC_WARN_UNUSED_FUNCTION = YES;
				GCC_WARN_UNUSED_VARIABLE = YES;
				MACOSX_DEPLOYMENT_TARGET = 10.11;
				MTL_ENABLE_DEBUG_INFO = NO;
				SDKROOT = macosx;
			};
			name = Release;
		};
		6F6F4FAC1DDC343C00E39879 /* Debug */ = {
			isa = XCBuildConfiguration;
			buildSettings = {
				PRODUCT_NAME = "$(TARGET_NAME)";
			};
			name = Debug;
		};
		6F6F4FAD1DDC343C00E39879 /* Release */ = {
			isa = XCBuildConfiguration;
			buildSettings = {
				PRODUCT_NAME = "$(TARGET_NAME)";
			};
			name = Release;
		};
/* End XCBuildConfiguration section */

/* Begin XCConfigurationList section */
		6F6F4F9F1DDC343C00E39879 /* Build configuration list for PBXProject "PWStringCategory" */ = {
			isa = XCConfigurationList;
			buildConfigurations = (
				6F6F4FA91DDC343C00E39879 /* Debug */,
				6F6F4FAA1DDC343C00E39879 /* Release */,
			);
			defaultConfigurationIsVisible = 0;
			defaultConfigurationName = Release;
		};
		6F6F4FAB1DDC343C00E39879 /* Build configuration list for PBXNativeTarget "PWStringCategory" */ = {
			isa = XCConfigurationList;
			buildConfigurations = (
				6F6F4FAC1DDC343C00E39879 /* Debug */,
				6F6F4FAD1DDC343C00E39879 /* Release */,
			);
			defaultConfigurationIsVisible = 0;
		};
/* End XCConfigurationList section */
	};
	rootObject = 6F6F4F9C1DDC343C00E39879 /* Project object */;
}
